
Microsoft Visual Studio Solution File, Format Version 12.00
# Visual Studio 2012
Project("{FAE04EC0-301F-11D3-BF4B-00C04F79EFBC}") = "StyexFleetManagement.iOS", "StyexFleetManagement.iOS.csproj", "{B99F8499-C495-476C-A6A7-41F932DFE488}"
EndProject
Global
	GlobalSection(SolutionConfigurationPlatforms) = preSolution
		Debug|iPhoneSimulator = Debug|iPhoneSimulator
		Release|iPhone = Release|iPhone
		Release|iPhoneSimulator = Release|iPhoneSimulator
		Debug|iPhone = Debug|iPhone
	EndGlobalSection
	GlobalSection(ProjectConfigurationPlatforms) = postSolution
		{B99F8499-C495-476C-A6A7-41F932DFE488}.Debug|iPhoneSimulator.ActiveCfg = Debug|iPhoneSimulator
		{B99F8499-C495-476C-A6A7-41F932DFE488}.Debug|iPhoneSimulator.Build.0 = Debug|iPhoneSimulator
		{B99F8499-C495-476C-A6A7-41F932DFE488}.Release|iPhone.ActiveCfg = Release|iPhone
		{B99F8499-C495-476C-A6A7-41F932DFE488}.Release|iPhone.Build.0 = Release|iPhone
		{B99F8499-C495-476C-A6A7-41F932DFE488}.Release|iPhoneSimulator.ActiveCfg = Release|iPhoneSimulator
		{B99F8499-C495-476C-A6A7-41F932DFE488}.Release|iPhoneSimulator.Build.0 = Release|iPhoneSimulator
		{B99F8499-C495-476C-A6A7-41F932DFE488}.Debug|iPhone.ActiveCfg = Debug|iPhone
		{B99F8499-C495-476C-A6A7-41F932DFE488}.Debug|iPhone.Build.0 = Debug|iPhone
	EndGlobalSection
EndGlobal
