
Microsoft Visual Studio Solution File, Format Version 12.00
# Visual Studio Version 16
VisualStudioVersion = 16.0.29920.165
MinimumVisualStudioVersion = 10.0.40219.1
Project("{9A19103F-16F7-4668-BE54-9A1E7A4F7556}") = "StyexFleetManagement", "StyexFleetManagement\StyexFleetManagement.csproj", "{593CD7EC-5B1C-427F-B6E8-E186C006629A}"
EndProject
Project("{FAE04EC0-301F-11D3-BF4B-00C04F79EFBC}") = "StyexFleetManagement.iOS", "iOS\StyexFleetManagement.iOS.csproj", "{B99F8499-C495-476C-A6A7-41F932DFE488}"
EndProject
Project("{FAE04EC0-301F-11D3-BF4B-00C04F79EFBC}") = "StyexFleetManagement.Droid", "Droid\StyexFleetManagement.Droid.csproj", "{2F43B327-430C-4B2C-96EA-DC2DC587C489}"
EndProject
Project("{9A19103F-16F7-4668-BE54-9A1E7A4F7556}") = "StyexFleetManagement.TripLogging", "StyexFleetManagement.TripLogging\StyexFleetManagement.TripLogging.csproj", "{DB13C286-C3C9-4E95-AA33-B98C59CB76FD}"
EndProject
Project("{9A19103F-16F7-4668-BE54-9A1E7A4F7556}") = "StyexFleetManagement.MZone.Client", "StyexFleetManagement.MZone.Client\StyexFleetManagement.MZone.Client.csproj", "{0150AAC2-8A69-42DD-97D0-51482E97C72D}"
EndProject
Project("{FAE04EC0-301F-11D3-BF4B-00C04F79EFBC}") = "FlicLib.Droid", "FlicLib.Droid\FlicLib.Droid.csproj", "{69ED412A-8DE2-42FF-A6B7-59D898E36AE5}"
EndProject
Project("{FAE04EC0-301F-11D3-BF4B-00C04F79EFBC}") = "FlicLib.iOS", "FlicLib.iOS\FlicLib.iOS.csproj", "{FA48A743-F155-4025-860F-EA233E26C974}"
EndProject
Project("{9A19103F-16F7-4668-BE54-9A1E7A4F7556}") = "StyexFleetManagement.Salus", "StyexFleetManagement.Salus\StyexFleetManagement.Salus.csproj", "{26D6BFD9-F68F-4E6A-AF74-3A05C463A5A2}"
EndProject
Global
	GlobalSection(SolutionConfigurationPlatforms) = preSolution
		AppVeyor|Any CPU = AppVeyor|Any CPU
		AppVeyor|iPhone = AppVeyor|iPhone
		AppVeyor|iPhoneSimulator = AppVeyor|iPhoneSimulator
		Debug|Any CPU = Debug|Any CPU
		Debug|iPhone = Debug|iPhone
		Debug|iPhoneSimulator = Debug|iPhoneSimulator
		Release|Any CPU = Release|Any CPU
		Release|iPhone = Release|iPhone
		Release|iPhoneSimulator = Release|iPhoneSimulator
	EndGlobalSection
	GlobalSection(ProjectConfigurationPlatforms) = postSolution
		{593CD7EC-5B1C-427F-B6E8-E186C006629A}.AppVeyor|Any CPU.ActiveCfg = Release|Any CPU
		{593CD7EC-5B1C-427F-B6E8-E186C006629A}.AppVeyor|Any CPU.Build.0 = Release|Any CPU
		{593CD7EC-5B1C-427F-B6E8-E186C006629A}.AppVeyor|iPhone.ActiveCfg = Release|Any CPU
		{593CD7EC-5B1C-427F-B6E8-E186C006629A}.AppVeyor|iPhone.Build.0 = Release|Any CPU
		{593CD7EC-5B1C-427F-B6E8-E186C006629A}.AppVeyor|iPhoneSimulator.ActiveCfg = Release|Any CPU
		{593CD7EC-5B1C-427F-B6E8-E186C006629A}.AppVeyor|iPhoneSimulator.Build.0 = Release|Any CPU
		{593CD7EC-5B1C-427F-B6E8-E186C006629A}.Debug|Any CPU.ActiveCfg = Debug|Any CPU
		{593CD7EC-5B1C-427F-B6E8-E186C006629A}.Debug|Any CPU.Build.0 = Debug|Any CPU
		{593CD7EC-5B1C-427F-B6E8-E186C006629A}.Debug|iPhone.ActiveCfg = Debug|Any CPU
		{593CD7EC-5B1C-427F-B6E8-E186C006629A}.Debug|iPhone.Build.0 = Debug|Any CPU
		{593CD7EC-5B1C-427F-B6E8-E186C006629A}.Debug|iPhoneSimulator.ActiveCfg = Debug|Any CPU
		{593CD7EC-5B1C-427F-B6E8-E186C006629A}.Debug|iPhoneSimulator.Build.0 = Debug|Any CPU
		{593CD7EC-5B1C-427F-B6E8-E186C006629A}.Release|Any CPU.ActiveCfg = Release|Any CPU
		{593CD7EC-5B1C-427F-B6E8-E186C006629A}.Release|Any CPU.Build.0 = Release|Any CPU
		{593CD7EC-5B1C-427F-B6E8-E186C006629A}.Release|iPhone.ActiveCfg = Release|Any CPU
		{593CD7EC-5B1C-427F-B6E8-E186C006629A}.Release|iPhone.Build.0 = Release|Any CPU
		{593CD7EC-5B1C-427F-B6E8-E186C006629A}.Release|iPhoneSimulator.ActiveCfg = Release|Any CPU
		{593CD7EC-5B1C-427F-B6E8-E186C006629A}.Release|iPhoneSimulator.Build.0 = Release|Any CPU
		{B99F8499-C495-476C-A6A7-41F932DFE488}.AppVeyor|Any CPU.ActiveCfg = Release|iPhoneSimulator
		{B99F8499-C495-476C-A6A7-41F932DFE488}.AppVeyor|Any CPU.Build.0 = Release|iPhoneSimulator
		{B99F8499-C495-476C-A6A7-41F932DFE488}.AppVeyor|iPhone.ActiveCfg = Release|iPhone
		{B99F8499-C495-476C-A6A7-41F932DFE488}.AppVeyor|iPhone.Build.0 = Release|iPhone
		{B99F8499-C495-476C-A6A7-41F932DFE488}.AppVeyor|iPhoneSimulator.ActiveCfg = Release|iPhoneSimulator
		{B99F8499-C495-476C-A6A7-41F932DFE488}.AppVeyor|iPhoneSimulator.Build.0 = Release|iPhoneSimulator
		{B99F8499-C495-476C-A6A7-41F932DFE488}.Debug|Any CPU.ActiveCfg = Debug|iPhoneSimulator
		{B99F8499-C495-476C-A6A7-41F932DFE488}.Debug|Any CPU.Build.0 = Debug|iPhoneSimulator
		{B99F8499-C495-476C-A6A7-41F932DFE488}.Debug|iPhone.ActiveCfg = Debug|iPhone
		{B99F8499-C495-476C-A6A7-41F932DFE488}.Debug|iPhone.Build.0 = Debug|iPhone
		{B99F8499-C495-476C-A6A7-41F932DFE488}.Debug|iPhoneSimulator.ActiveCfg = Debug|iPhoneSimulator
		{B99F8499-C495-476C-A6A7-41F932DFE488}.Debug|iPhoneSimulator.Build.0 = Debug|iPhoneSimulator
		{B99F8499-C495-476C-A6A7-41F932DFE488}.Release|Any CPU.ActiveCfg = Release|iPhone
		{B99F8499-C495-476C-A6A7-41F932DFE488}.Release|Any CPU.Build.0 = Release|iPhone
		{B99F8499-C495-476C-A6A7-41F932DFE488}.Release|iPhone.ActiveCfg = Release|iPhone
		{B99F8499-C495-476C-A6A7-41F932DFE488}.Release|iPhone.Build.0 = Release|iPhone
		{B99F8499-C495-476C-A6A7-41F932DFE488}.Release|iPhoneSimulator.ActiveCfg = Release|iPhoneSimulator
		{B99F8499-C495-476C-A6A7-41F932DFE488}.Release|iPhoneSimulator.Build.0 = Release|iPhoneSimulator
		{2F43B327-430C-4B2C-96EA-DC2DC587C489}.AppVeyor|Any CPU.ActiveCfg = Release|Any CPU
		{2F43B327-430C-4B2C-96EA-DC2DC587C489}.AppVeyor|Any CPU.Build.0 = Release|Any CPU
		{2F43B327-430C-4B2C-96EA-DC2DC587C489}.AppVeyor|Any CPU.Deploy.0 = Release|Any CPU
		{2F43B327-430C-4B2C-96EA-DC2DC587C489}.AppVeyor|iPhone.ActiveCfg = Release|Any CPU
		{2F43B327-430C-4B2C-96EA-DC2DC587C489}.AppVeyor|iPhone.Build.0 = Release|Any CPU
		{2F43B327-430C-4B2C-96EA-DC2DC587C489}.AppVeyor|iPhone.Deploy.0 = Release|Any CPU
		{2F43B327-430C-4B2C-96EA-DC2DC587C489}.AppVeyor|iPhoneSimulator.ActiveCfg = Release|Any CPU
		{2F43B327-430C-4B2C-96EA-DC2DC587C489}.AppVeyor|iPhoneSimulator.Build.0 = Release|Any CPU
		{2F43B327-430C-4B2C-96EA-DC2DC587C489}.AppVeyor|iPhoneSimulator.Deploy.0 = Release|Any CPU
		{2F43B327-430C-4B2C-96EA-DC2DC587C489}.Debug|Any CPU.ActiveCfg = Debug|Any CPU
		{2F43B327-430C-4B2C-96EA-DC2DC587C489}.Debug|Any CPU.Build.0 = Debug|Any CPU
		{2F43B327-430C-4B2C-96EA-DC2DC587C489}.Debug|Any CPU.Deploy.0 = Debug|Any CPU
		{2F43B327-430C-4B2C-96EA-DC2DC587C489}.Debug|iPhone.ActiveCfg = Debug|Any CPU
		{2F43B327-430C-4B2C-96EA-DC2DC587C489}.Debug|iPhone.Build.0 = Debug|Any CPU
		{2F43B327-430C-4B2C-96EA-DC2DC587C489}.Debug|iPhoneSimulator.ActiveCfg = Debug|Any CPU
		{2F43B327-430C-4B2C-96EA-DC2DC587C489}.Debug|iPhoneSimulator.Build.0 = Debug|Any CPU
		{2F43B327-430C-4B2C-96EA-DC2DC587C489}.Release|Any CPU.ActiveCfg = Release|Any CPU
		{2F43B327-430C-4B2C-96EA-DC2DC587C489}.Release|Any CPU.Build.0 = Release|Any CPU
		{2F43B327-430C-4B2C-96EA-DC2DC587C489}.Release|Any CPU.Deploy.0 = Release|Any CPU
		{2F43B327-430C-4B2C-96EA-DC2DC587C489}.Release|iPhone.ActiveCfg = Release|Any CPU
		{2F43B327-430C-4B2C-96EA-DC2DC587C489}.Release|iPhone.Build.0 = Release|Any CPU
		{2F43B327-430C-4B2C-96EA-DC2DC587C489}.Release|iPhoneSimulator.ActiveCfg = Release|Any CPU
		{2F43B327-430C-4B2C-96EA-DC2DC587C489}.Release|iPhoneSimulator.Build.0 = Release|Any CPU
		{DB13C286-C3C9-4E95-AA33-B98C59CB76FD}.AppVeyor|Any CPU.ActiveCfg = Debug|Any CPU
		{DB13C286-C3C9-4E95-AA33-B98C59CB76FD}.AppVeyor|Any CPU.Build.0 = Debug|Any CPU
		{DB13C286-C3C9-4E95-AA33-B98C59CB76FD}.AppVeyor|iPhone.ActiveCfg = Debug|Any CPU
		{DB13C286-C3C9-4E95-AA33-B98C59CB76FD}.AppVeyor|iPhone.Build.0 = Debug|Any CPU
		{DB13C286-C3C9-4E95-AA33-B98C59CB76FD}.AppVeyor|iPhoneSimulator.ActiveCfg = Debug|Any CPU
		{DB13C286-C3C9-4E95-AA33-B98C59CB76FD}.AppVeyor|iPhoneSimulator.Build.0 = Debug|Any CPU
		{DB13C286-C3C9-4E95-AA33-B98C59CB76FD}.Debug|Any CPU.ActiveCfg = Debug|Any CPU
		{DB13C286-C3C9-4E95-AA33-B98C59CB76FD}.Debug|Any CPU.Build.0 = Debug|Any CPU
		{DB13C286-C3C9-4E95-AA33-B98C59CB76FD}.Debug|iPhone.ActiveCfg = Debug|Any CPU
		{DB13C286-C3C9-4E95-AA33-B98C59CB76FD}.Debug|iPhone.Build.0 = Debug|Any CPU
		{DB13C286-C3C9-4E95-AA33-B98C59CB76FD}.Debug|iPhoneSimulator.ActiveCfg = Debug|Any CPU
		{DB13C286-C3C9-4E95-AA33-B98C59CB76FD}.Debug|iPhoneSimulator.Build.0 = Debug|Any CPU
		{DB13C286-C3C9-4E95-AA33-B98C59CB76FD}.Release|Any CPU.ActiveCfg = Release|Any CPU
		{DB13C286-C3C9-4E95-AA33-B98C59CB76FD}.Release|Any CPU.Build.0 = Release|Any CPU
		{DB13C286-C3C9-4E95-AA33-B98C59CB76FD}.Release|iPhone.ActiveCfg = Release|Any CPU
		{DB13C286-C3C9-4E95-AA33-B98C59CB76FD}.Release|iPhone.Build.0 = Release|Any CPU
		{DB13C286-C3C9-4E95-AA33-B98C59CB76FD}.Release|iPhoneSimulator.ActiveCfg = Release|Any CPU
		{DB13C286-C3C9-4E95-AA33-B98C59CB76FD}.Release|iPhoneSimulator.Build.0 = Release|Any CPU
		{0150AAC2-8A69-42DD-97D0-51482E97C72D}.AppVeyor|Any CPU.ActiveCfg = Debug|Any CPU
		{0150AAC2-8A69-42DD-97D0-51482E97C72D}.AppVeyor|Any CPU.Build.0 = Debug|Any CPU
		{0150AAC2-8A69-42DD-97D0-51482E97C72D}.AppVeyor|iPhone.ActiveCfg = Debug|Any CPU
		{0150AAC2-8A69-42DD-97D0-51482E97C72D}.AppVeyor|iPhone.Build.0 = Debug|Any CPU
		{0150AAC2-8A69-42DD-97D0-51482E97C72D}.AppVeyor|iPhoneSimulator.ActiveCfg = Debug|Any CPU
		{0150AAC2-8A69-42DD-97D0-51482E97C72D}.AppVeyor|iPhoneSimulator.Build.0 = Debug|Any CPU
		{0150AAC2-8A69-42DD-97D0-51482E97C72D}.Debug|Any CPU.ActiveCfg = Debug|Any CPU
		{0150AAC2-8A69-42DD-97D0-51482E97C72D}.Debug|Any CPU.Build.0 = Debug|Any CPU
		{0150AAC2-8A69-42DD-97D0-51482E97C72D}.Debug|iPhone.ActiveCfg = Debug|Any CPU
		{0150AAC2-8A69-42DD-97D0-51482E97C72D}.Debug|iPhone.Build.0 = Debug|Any CPU
		{0150AAC2-8A69-42DD-97D0-51482E97C72D}.Debug|iPhoneSimulator.ActiveCfg = Debug|Any CPU
		{0150AAC2-8A69-42DD-97D0-51482E97C72D}.Debug|iPhoneSimulator.Build.0 = Debug|Any CPU
		{0150AAC2-8A69-42DD-97D0-51482E97C72D}.Release|Any CPU.ActiveCfg = Release|Any CPU
		{0150AAC2-8A69-42DD-97D0-51482E97C72D}.Release|Any CPU.Build.0 = Release|Any CPU
		{0150AAC2-8A69-42DD-97D0-51482E97C72D}.Release|iPhone.ActiveCfg = Release|Any CPU
		{0150AAC2-8A69-42DD-97D0-51482E97C72D}.Release|iPhone.Build.0 = Release|Any CPU
		{0150AAC2-8A69-42DD-97D0-51482E97C72D}.Release|iPhoneSimulator.ActiveCfg = Release|Any CPU
		{0150AAC2-8A69-42DD-97D0-51482E97C72D}.Release|iPhoneSimulator.Build.0 = Release|Any CPU
		{69ED412A-8DE2-42FF-A6B7-59D898E36AE5}.AppVeyor|Any CPU.ActiveCfg = Release|Any CPU
		{69ED412A-8DE2-42FF-A6B7-59D898E36AE5}.AppVeyor|Any CPU.Build.0 = Release|Any CPU
		{69ED412A-8DE2-42FF-A6B7-59D898E36AE5}.AppVeyor|iPhone.ActiveCfg = Release|Any CPU
		{69ED412A-8DE2-42FF-A6B7-59D898E36AE5}.AppVeyor|iPhone.Build.0 = Release|Any CPU
		{69ED412A-8DE2-42FF-A6B7-59D898E36AE5}.AppVeyor|iPhoneSimulator.ActiveCfg = Release|Any CPU
		{69ED412A-8DE2-42FF-A6B7-59D898E36AE5}.AppVeyor|iPhoneSimulator.Build.0 = Release|Any CPU
		{69ED412A-8DE2-42FF-A6B7-59D898E36AE5}.Debug|Any CPU.ActiveCfg = Debug|Any CPU
		{69ED412A-8DE2-42FF-A6B7-59D898E36AE5}.Debug|Any CPU.Build.0 = Debug|Any CPU
		{69ED412A-8DE2-42FF-A6B7-59D898E36AE5}.Debug|iPhone.ActiveCfg = Debug|Any CPU
		{69ED412A-8DE2-42FF-A6B7-59D898E36AE5}.Debug|iPhone.Build.0 = Debug|Any CPU
		{69ED412A-8DE2-42FF-A6B7-59D898E36AE5}.Debug|iPhoneSimulator.ActiveCfg = Debug|Any CPU
		{69ED412A-8DE2-42FF-A6B7-59D898E36AE5}.Debug|iPhoneSimulator.Build.0 = Debug|Any CPU
		{69ED412A-8DE2-42FF-A6B7-59D898E36AE5}.Release|Any CPU.ActiveCfg = Release|Any CPU
		{69ED412A-8DE2-42FF-A6B7-59D898E36AE5}.Release|Any CPU.Build.0 = Release|Any CPU
		{69ED412A-8DE2-42FF-A6B7-59D898E36AE5}.Release|iPhone.ActiveCfg = Release|Any CPU
		{69ED412A-8DE2-42FF-A6B7-59D898E36AE5}.Release|iPhone.Build.0 = Release|Any CPU
		{69ED412A-8DE2-42FF-A6B7-59D898E36AE5}.Release|iPhoneSimulator.ActiveCfg = Release|Any CPU
		{69ED412A-8DE2-42FF-A6B7-59D898E36AE5}.Release|iPhoneSimulator.Build.0 = Release|Any CPU
		{FA48A743-F155-4025-860F-EA233E26C974}.AppVeyor|Any CPU.ActiveCfg = Debug|Any CPU
		{FA48A743-F155-4025-860F-EA233E26C974}.AppVeyor|Any CPU.Build.0 = Debug|Any CPU
		{FA48A743-F155-4025-860F-EA233E26C974}.AppVeyor|iPhone.ActiveCfg = Debug|Any CPU
		{FA48A743-F155-4025-860F-EA233E26C974}.AppVeyor|iPhone.Build.0 = Debug|Any CPU
		{FA48A743-F155-4025-860F-EA233E26C974}.AppVeyor|iPhoneSimulator.ActiveCfg = Debug|Any CPU
		{FA48A743-F155-4025-860F-EA233E26C974}.AppVeyor|iPhoneSimulator.Build.0 = Debug|Any CPU
		{FA48A743-F155-4025-860F-EA233E26C974}.Debug|Any CPU.ActiveCfg = Debug|Any CPU
		{FA48A743-F155-4025-860F-EA233E26C974}.Debug|Any CPU.Build.0 = Debug|Any CPU
		{FA48A743-F155-4025-860F-EA233E26C974}.Debug|iPhone.ActiveCfg = Debug|Any CPU
		{FA48A743-F155-4025-860F-EA233E26C974}.Debug|iPhone.Build.0 = Debug|Any CPU
		{FA48A743-F155-4025-860F-EA233E26C974}.Debug|iPhoneSimulator.ActiveCfg = Debug|Any CPU
		{FA48A743-F155-4025-860F-EA233E26C974}.Debug|iPhoneSimulator.Build.0 = Debug|Any CPU
		{FA48A743-F155-4025-860F-EA233E26C974}.Release|Any CPU.ActiveCfg = Release|Any CPU
		{FA48A743-F155-4025-860F-EA233E26C974}.Release|Any CPU.Build.0 = Release|Any CPU
		{FA48A743-F155-4025-860F-EA233E26C974}.Release|iPhone.ActiveCfg = Release|Any CPU
		{FA48A743-F155-4025-860F-EA233E26C974}.Release|iPhone.Build.0 = Release|Any CPU
		{FA48A743-F155-4025-860F-EA233E26C974}.Release|iPhoneSimulator.ActiveCfg = Release|Any CPU
		{FA48A743-F155-4025-860F-EA233E26C974}.Release|iPhoneSimulator.Build.0 = Release|Any CPU
		{26D6BFD9-F68F-4E6A-AF74-3A05C463A5A2}.AppVeyor|Any CPU.ActiveCfg = Debug|Any CPU
		{26D6BFD9-F68F-4E6A-AF74-3A05C463A5A2}.AppVeyor|Any CPU.Build.0 = Debug|Any CPU
		{26D6BFD9-F68F-4E6A-AF74-3A05C463A5A2}.AppVeyor|iPhone.ActiveCfg = Debug|Any CPU
		{26D6BFD9-F68F-4E6A-AF74-3A05C463A5A2}.AppVeyor|iPhone.Build.0 = Debug|Any CPU
		{26D6BFD9-F68F-4E6A-AF74-3A05C463A5A2}.AppVeyor|iPhoneSimulator.ActiveCfg = Debug|Any CPU
		{26D6BFD9-F68F-4E6A-AF74-3A05C463A5A2}.AppVeyor|iPhoneSimulator.Build.0 = Debug|Any CPU
		{26D6BFD9-F68F-4E6A-AF74-3A05C463A5A2}.Debug|Any CPU.ActiveCfg = Debug|Any CPU
		{26D6BFD9-F68F-4E6A-AF74-3A05C463A5A2}.Debug|Any CPU.Build.0 = Debug|Any CPU
		{26D6BFD9-F68F-4E6A-AF74-3A05C463A5A2}.Debug|iPhone.ActiveCfg = Debug|Any CPU
		{26D6BFD9-F68F-4E6A-AF74-3A05C463A5A2}.Debug|iPhone.Build.0 = Debug|Any CPU
		{26D6BFD9-F68F-4E6A-AF74-3A05C463A5A2}.Debug|iPhoneSimulator.ActiveCfg = Debug|Any CPU
		{26D6BFD9-F68F-4E6A-AF74-3A05C463A5A2}.Debug|iPhoneSimulator.Build.0 = Debug|Any CPU
		{26D6BFD9-F68F-4E6A-AF74-3A05C463A5A2}.Release|Any CPU.ActiveCfg = Release|Any CPU
		{26D6BFD9-F68F-4E6A-AF74-3A05C463A5A2}.Release|Any CPU.Build.0 = Release|Any CPU
		{26D6BFD9-F68F-4E6A-AF74-3A05C463A5A2}.Release|iPhone.ActiveCfg = Release|Any CPU
		{26D6BFD9-F68F-4E6A-AF74-3A05C463A5A2}.Release|iPhone.Build.0 = Release|Any CPU
		{26D6BFD9-F68F-4E6A-AF74-3A05C463A5A2}.Release|iPhoneSimulator.ActiveCfg = Release|Any CPU
		{26D6BFD9-F68F-4E6A-AF74-3A05C463A5A2}.Release|iPhoneSimulator.Build.0 = Release|Any CPU
	EndGlobalSection
	GlobalSection(SolutionProperties) = preSolution
		HideSolutionNode = FALSE
	EndGlobalSection
	GlobalSection(ExtensibilityGlobals) = postSolution
		SolutionGuid = {07191538-7D3D-4583-BF4E-465B66582363}
	EndGlobalSection
EndGlobal
